// !$*UTF8*$!
{
	archiveVersion = 1;
	classes = {
	};
	objectVersion = 56;
	objects = {

/* Begin PBXBuildFile section */
		600545392A9CCF2600264A9B /* AppDelegate.swift in Sources */ = {isa = PBXBuildFile; fileRef = 600545382A9CCF2600264A9B /* AppDelegate.swift */; };
		6005453B2A9CCF2600264A9B /* SceneDelegate.swift in Sources */ = {isa = PBXBuildFile; fileRef = 6005453A2A9CCF2600264A9B /* SceneDelegate.swift */; };
		6005453D2A9CCF2600264A9B /* MainViewController.swift in Sources */ = {isa = PBXBuildFile; fileRef = 6005453C2A9CCF2600264A9B /* MainViewController.swift */; };
		600545402A9CCF2600264A9B /* Main.storyboard in Resources */ = {isa = PBXBuildFile; fileRef = 6005453E2A9CCF2600264A9B /* Main.storyboard */; };
		600545422A9CCF2800264A9B /* Assets.xcassets in Resources */ = {isa = PBXBuildFile; fileRef = 600545412A9CCF2800264A9B /* Assets.xcassets */; };
		600545452A9CCF2800264A9B /* LaunchScreen.storyboard in Resources */ = {isa = PBXBuildFile; fileRef = 600545432A9CCF2800264A9B /* LaunchScreen.storyboard */; };
		6005454F2A9CD33500264A9B /* Lottie in Frameworks */ = {isa = PBXBuildFile; productRef = 6005454E2A9CD33500264A9B /* Lottie */; };
		600545772A9CDCE000264A9B /* animation.json in Resources */ = {isa = PBXBuildFile; fileRef = 600545762A9CDCE000264A9B /* animation.json */; };
/* End PBXBuildFile section */

/* Begin PBXFileReference section */
		600545352A9CCF2600264A9B /* MinimalisticBrowser.app */ = {isa = PBXFileReference; explicitFileType = wrapper.application; includeInIndex = 0; path = MinimalisticBrowser.app; sourceTree = BUILT_PRODUCTS_DIR; };
		600545382A9CCF2600264A9B /* AppDelegate.swift */ = {isa = PBXFileReference; lastKnownFileType = sourcecode.swift; path = AppDelegate.swift; sourceTree = "<group>"; };
		6005453A2A9CCF2600264A9B /* SceneDelegate.swift */ = {isa = PBXFileReference; lastKnownFileType = sourcecode.swift; path = SceneDelegate.swift; sourceTree = "<group>"; };
		6005453C2A9CCF2600264A9B /* MainViewController.swift */ = {isa = PBXFileReference; lastKnownFileType = sourcecode.swift; path = MainViewController.swift; sourceTree = "<group>"; };
		6005453F2A9CCF2600264A9B /* Base */ = {isa = PBXFileReference; lastKnownFileType = file.storyboard; name = Base; path = Base.lproj/Main.storyboard; sourceTree = "<group>"; };
		600545412A9CCF2800264A9B /* Assets.xcassets */ = {isa = PBXFileReference; lastKnownFileType = folder.assetcatalog; path = Assets.xcassets; sourceTree = "<group>"; };
		600545442A9CCF2800264A9B /* Base */ = {isa = PBXFileReference; lastKnownFileType = file.storyboard; name = Base; path = Base.lproj/LaunchScreen.storyboard; sourceTree = "<group>"; };
		600545462A9CCF2800264A9B /* Info.plist */ = {isa = PBXFileReference; lastKnownFileType = text.plist.xml; path = Info.plist; sourceTree = "<group>"; };
		600545762A9CDCE000264A9B /* animation.json */ = {isa = PBXFileReference; fileEncoding = 4; lastKnownFileType = text.json; path = animation.json; sourceTree = "<group>"; };
/* End PBXFileReference section */

/* Begin PBXFrameworksBuildPhase section */
		600545322A9CCF2600264A9B /* Frameworks */ = {
			isa = PBXFrameworksBuildPhase;
			buildActionMask = 2147483647;
			files = (
				6005454F2A9CD33500264A9B /* Lottie in Frameworks */,
			);
			runOnlyForDeploymentPostprocessing = 0;
		};
/* End PBXFrameworksBuildPhase section */

/* Begin PBXGroup section */
		6005452C2A9CCF2500264A9B = {
			isa = PBXGroup;
			children = (
				600545372A9CCF2600264A9B /* MinimalisticBrowser */,
				600545362A9CCF2600264A9B /* Products */,
			);
			sourceTree = "<group>";
		};
		600545362A9CCF2600264A9B /* Products */ = {
			isa = PBXGroup;
			children = (
				600545352A9CCF2600264A9B /* MinimalisticBrowser.app */,
			);
			name = Products;
			sourceTree = "<group>";
		};
		600545372A9CCF2600264A9B /* MinimalisticBrowser */ = {
			isa = PBXGroup;
			children = (
				600545502A9CD37200264A9B /* ViewControllers */,
				6005454C2A9CCF4D00264A9B /* Resources */,
			);
			path = MinimalisticBrowser;
			sourceTree = "<group>";
		};
		6005454C2A9CCF4D00264A9B /* Resources */ = {
			isa = PBXGroup;
			children = (
				600545382A9CCF2600264A9B /* AppDelegate.swift */,
				6005453A2A9CCF2600264A9B /* SceneDelegate.swift */,
				6005453E2A9CCF2600264A9B /* Main.storyboard */,
				600545412A9CCF2800264A9B /* Assets.xcassets */,
				600545432A9CCF2800264A9B /* LaunchScreen.storyboard */,
				600545762A9CDCE000264A9B /* animation.json */,
				600545462A9CCF2800264A9B /* Info.plist */,
			);
			path = Resources;
			sourceTree = "<group>";
		};
		600545502A9CD37200264A9B /* ViewControllers */ = {
			isa = PBXGroup;
			children = (
				6005453C2A9CCF2600264A9B /* MainViewController.swift */,
			);
			path = ViewControllers;
			sourceTree = "<group>";
		};
/* End PBXGroup section */

/* Begin PBXNativeTarget section */
		600545342A9CCF2600264A9B /* MinimalisticBrowser */ = {
			isa = PBXNativeTarget;
			buildConfigurationList = 600545492A9CCF2800264A9B /* Build configuration list for PBXNativeTarget "MinimalisticBrowser" */;
			buildPhases = (
				600545312A9CCF2600264A9B /* Sources */,
				600545322A9CCF2600264A9B /* Frameworks */,
				600545332A9CCF2600264A9B /* Resources */,
			);
			buildRules = (
			);
			dependencies = (
			);
			name = MinimalisticBrowser;
			packageProductDependencies = (
				6005454E2A9CD33500264A9B /* Lottie */,
			);
			productName = MinimalisticBrowser;
			productReference = 600545352A9CCF2600264A9B /* MinimalisticBrowser.app */;
			productType = "com.apple.product-type.application";
		};
/* End PBXNativeTarget section */

/* Begin PBXProject section */
		6005452D2A9CCF2500264A9B /* Project object */ = {
			isa = PBXProject;
			attributes = {
				BuildIndependentTargetsInParallel = 1;
				LastSwiftUpdateCheck = 1430;
				LastUpgradeCheck = 1430;
				TargetAttributes = {
					600545342A9CCF2600264A9B = {
						CreatedOnToolsVersion = 14.3;
					};
				};
			};
			buildConfigurationList = 600545302A9CCF2600264A9B /* Build configuration list for PBXProject "MinimalisticBrowser" */;
			compatibilityVersion = "Xcode 14.0";
			developmentRegion = en;
			hasScannedForEncodings = 0;
			knownRegions = (
				en,
				Base,
			);
			mainGroup = 6005452C2A9CCF2500264A9B;
			packageReferences = (
				6005454D2A9CD33500264A9B /* XCRemoteSwiftPackageReference "lottie-ios" */,
			);
			productRefGroup = 600545362A9CCF2600264A9B /* Products */;
			projectDirPath = "";
			projectRoot = "";
			targets = (
				600545342A9CCF2600264A9B /* MinimalisticBrowser */,
			);
		};
/* End PBXProject section */

/* Begin PBXResourcesBuildPhase section */
		600545332A9CCF2600264A9B /* Resources */ = {
			isa = PBXResourcesBuildPhase;
			buildActionMask = 2147483647;
			files = (
				600545772A9CDCE000264A9B /* animation.json in Resources */,
				600545452A9CCF2800264A9B /* LaunchScreen.storyboard in Resources */,
				600545422A9CCF2800264A9B /* Assets.xcassets in Resources */,
				600545402A9CCF2600264A9B /* Main.storyboard in Resources */,
			);
			runOnlyForDeploymentPostprocessing = 0;
		};
/* End PBXResourcesBuildPhase section */

/* Begin PBXSourcesBuildPhase section */
		600545312A9CCF2600264A9B /* Sources */ = {
			isa = PBXSourcesBuildPhase;
			buildActionMask = 2147483647;
			files = (
				6005453D2A9CCF2600264A9B /* MainViewController.swift in Sources */,
				600545392A9CCF2600264A9B /* AppDelegate.swift in Sources */,
				6005453B2A9CCF2600264A9B /* SceneDelegate.swift in Sources */,
			);
			runOnlyForDeploymentPostprocessing = 0;
		};
/* End PBXSourcesBuildPhase section */

/* Begin PBXVariantGroup section */
		6005453E2A9CCF2600264A9B /* Main.storyboard */ = {
			isa = PBXVariantGroup;
			children = (
				6005453F2A9CCF2600264A9B /* Base */,
			);
			name = Main.storyboard;
			sourceTree = "<group>";
		};
		600545432A9CCF2800264A9B /* LaunchScreen.storyboard */ = {
			isa = PBXVariantGroup;
			children = (
				600545442A9CCF2800264A9B /* Base */,
			);
			name = LaunchScreen.storyboard;
			sourceTree = "<group>";
		};
/* End PBXVariantGroup section */

/* Begin XCBuildConfiguration section */
		600545472A9CCF2800264A9B /* Debug */ = {
			isa = XCBuildConfiguration;
			buildSettings = {
				ALWAYS_SEARCH_USER_PATHS = NO;
				CLANG_ANALYZER_NONNULL = YES;
				CLANG_ANALYZER_NUMBER_OBJECT_CONVERSION = YES_AGGRESSIVE;
				CLANG_CXX_LANGUAGE_STANDARD = "gnu++20";
				CLANG_ENABLE_MODULES = YES;
				CLANG_ENABLE_OBJC_ARC = YES;
				CLANG_ENABLE_OBJC_WEAK = YES;
				CLANG_WARN_BLOCK_CAPTURE_AUTORELEASING = YES;
				CLANG_WARN_BOOL_CONVERSION = YES;
				CLANG_WARN_COMMA = YES;
				CLANG_WARN_CONSTANT_CONVERSION = YES;
				CLANG_WARN_DEPRECATED_OBJC_IMPLEMENTATIONS = YES;
				CLANG_WARN_DIRECT_OBJC_ISA_USAGE = YES_ERROR;
				CLANG_WARN_DOCUMENTATION_COMMENTS = YES;
				CLANG_WARN_EMPTY_BODY = YES;
				CLANG_WARN_ENUM_CONVERSION = YES;
				CLANG_WARN_INFINITE_RECURSION = YES;
				CLANG_WARN_INT_CONVERSION = YES;
				CLANG_WARN_NON_LITERAL_NULL_CONVERSION = YES;
				CLANG_WARN_OBJC_IMPLICIT_RETAIN_SELF = YES;
				CLANG_WARN_OBJC_LITERAL_CONVERSION = YES;
				CLANG_WARN_OBJC_ROOT_CLASS = YES_ERROR;
				CLANG_WARN_QUOTED_INCLUDE_IN_FRAMEWORK_HEADER = YES;
				CLANG_WARN_RANGE_LOOP_ANALYSIS = YES;
				CLANG_WARN_STRICT_PROTOTYPES = YES;
				CLANG_WARN_SUSPICIOUS_MOVE = YES;
				CLANG_WARN_UNGUARDED_AVAILABILITY = YES_AGGRESSIVE;
				CLANG_WARN_UNREACHABLE_CODE = YES;
				CLANG_WARN__DUPLICATE_METHOD_MATCH = YES;
				COPY_PHASE_STRIP = NO;
				DEBUG_INFORMATION_FORMAT = dwarf;
				ENABLE_STRICT_OBJC_MSGSEND = YES;
				ENABLE_TESTABILITY = YES;
				GCC_C_LANGUAGE_STANDARD = gnu11;
				GCC_DYNAMIC_NO_PIC = NO;
				GCC_NO_COMMON_BLOCKS = YES;
				GCC_OPTIMIZATION_LEVEL = 0;
				GCC_PREPROCESSOR_DEFINITIONS = (
					"DEBUG=1",
					"$(inherited)",
				);
				GCC_WARN_64_TO_32_BIT_CONVERSION = YES;
				GCC_WARN_ABOUT_RETURN_TYPE = YES_ERROR;
				GCC_WARN_UNDECLARED_SELECTOR = YES;
				GCC_WARN_UNINITIALIZED_AUTOS = YES_AGGRESSIVE;
				GCC_WARN_UNUSED_FUNCTION = YES;
				GCC_WARN_UNUSED_VARIABLE = YES;
				IPHONEOS_DEPLOYMENT_TARGET = 16.4;
				MTL_ENABLE_DEBUG_INFO = INCLUDE_SOURCE;
				MTL_FAST_MATH = YES;
				ONLY_ACTIVE_ARCH = YES;
				SDKROOT = iphoneos;
				SWIFT_ACTIVE_COMPILATION_CONDITIONS = DEBUG;
				SWIFT_OPTIMIZATION_LEVEL = "-Onone";
			};
			name = Debug;
		};
		600545482A9CCF2800264A9B /* Release */ = {
			isa = XCBuildConfiguration;
			buildSettings = {
				ALWAYS_SEARCH_USER_PATHS = NO;
				CLANG_ANALYZER_NONNULL = YES;
				CLANG_ANALYZER_NUMBER_OBJECT_CONVERSION = YES_AGGRESSIVE;
				CLANG_CXX_LANGUAGE_STANDARD = "gnu++20";
				CLANG_ENABLE_MODULES = YES;
				CLANG_ENABLE_OBJC_ARC = YES;
				CLANG_ENABLE_OBJC_WEAK = YES;
				CLANG_WARN_BLOCK_CAPTURE_AUTORELEASING = YES;
				CLANG_WARN_BOOL_CONVERSION = YES;
				CLANG_WARN_COMMA = YES;
				CLANG_WARN_CONSTANT_CONVERSION = YES;
				CLANG_WARN_DEPRECATED_OBJC_IMPLEMENTATIONS = YES;
				CLANG_WARN_DIRECT_OBJC_ISA_USAGE = YES_ERROR;
				CLANG_WARN_DOCUMENTATION_COMMENTS = YES;
				CLANG_WARN_EMPTY_BODY = YES;
				CLANG_WARN_ENUM_CONVERSION = YES;
				CLANG_WARN_INFINITE_RECURSION = YES;
				CLANG_WARN_INT_CONVERSION = YES;
				CLANG_WARN_NON_LITERAL_NULL_CONVERSION = YES;
				CLANG_WARN_OBJC_IMPLICIT_RETAIN_SELF = YES;
				CLANG_WARN_OBJC_LITERAL_CONVERSION = YES;
				CLANG_WARN_OBJC_ROOT_CLASS = YES_ERROR;
				CLANG_WARN_QUOTED_INCLUDE_IN_FRAMEWORK_HEADER = YES;
				CLANG_WARN_RANGE_LOOP_ANALYSIS = YES;
				CLANG_WARN_STRICT_PROTOTYPES = YES;
				CLANG_WARN_SUSPICIOUS_MOVE = YES;
				CLANG_WARN_UNGUARDED_AVAILABILITY = YES_AGGRESSIVE;
				CLANG_WARN_UNREACHABLE_CODE = YES;
				CLANG_WARN__DUPLICATE_METHOD_MATCH = YES;
				COPY_PHASE_STRIP = NO;
				DEBUG_INFORMATION_FORMAT = "dwarf-with-dsym";
				ENABLE_NS_ASSERTIONS = NO;
				ENABLE_STRICT_OBJC_MSGSEND = YES;
				GCC_C_LANGUAGE_STANDARD = gnu11;
				GCC_NO_COMMON_BLOCKS = YES;
				GCC_WARN_64_TO_32_BIT_CONVERSION = YES;
				GCC_WARN_ABOUT_RETURN_TYPE = YES_ERROR;
				GCC_WARN_UNDECLARED_SELECTOR = YES;
				GCC_WARN_UNINITIALIZED_AUTOS = YES_AGGRESSIVE;
				GCC_WARN_UNUSED_FUNCTION = YES;
				GCC_WARN_UNUSED_VARIABLE = YES;
				IPHONEOS_DEPLOYMENT_TARGET = 16.4;
				MTL_ENABLE_DEBUG_INFO = NO;
				MTL_FAST_MATH = YES;
				SDKROOT = iphoneos;
				SWIFT_COMPILATION_MODE = wholemodule;
				SWIFT_OPTIMIZATION_LEVEL = "-O";
				VALIDATE_PRODUCT = YES;
			};
			name = Release;
		};
		6005454A2A9CCF2800264A9B /* Debug */ = {
			isa = XCBuildConfiguration;
			buildSettings = {
				ASSETCATALOG_COMPILER_APPICON_NAME = AppIcon;
				ASSETCATALOG_COMPILER_GLOBAL_ACCENT_COLOR_NAME = AccentColor;
				CODE_SIGN_STYLE = Automatic;
				CURRENT_PROJECT_VERSION = 1;
				GENERATE_INFOPLIST_FILE = YES;
				INFOPLIST_FILE = MinimalisticBrowser/Resources/Info.plist;
				INFOPLIST_KEY_UIApplicationSupportsIndirectInputEvents = YES;
				INFOPLIST_KEY_UILaunchStoryboardName = LaunchScreen;
				INFOPLIST_KEY_UIMainStoryboardFile = Main;
				INFOPLIST_KEY_UISupportedInterfaceOrientations_iPad = "UIInterfaceOrientationPortrait UIInterfaceOrientationPortraitUpsideDown UIInterfaceOrientationLandscapeLeft UIInterfaceOrientationLandscapeRight";
				INFOPLIST_KEY_UISupportedInterfaceOrientations_iPhone = "UIInterfaceOrientationPortrait UIInterfaceOrientationLandscapeLeft UIInterfaceOrientationLandscapeRight";
				LD_RUNPATH_SEARCH_PATHS = (
					"$(inherited)",
					"@executable_path/Frameworks",
				);
				MARKETING_VERSION = 1.0;
				PRODUCT_BUNDLE_IDENTIFIER = Test.MinimalisticBrowser;
				PRODUCT_NAME = "$(TARGET_NAME)";
				SWIFT_EMIT_LOC_STRINGS = YES;
				SWIFT_VERSION = 5.0;
				TARGETED_DEVICE_FAMILY = "1,2";
			};
			name = Debug;
		};
		6005454B2A9CCF2800264A9B /* Release */ = {
			isa = XCBuildConfiguration;
			buildSettings = {
				ASSETCATALOG_COMPILER_APPICON_NAME = AppIcon;
				ASSETCATALOG_COMPILER_GLOBAL_ACCENT_COLOR_NAME = AccentColor;
				CODE_SIGN_STYLE = Automatic;
				CURRENT_PROJECT_VERSION = 1;
				GENERATE_INFOPLIST_FILE = YES;
				INFOPLIST_FILE = MinimalisticBrowser/Resources/Info.plist;
				INFOPLIST_KEY_UIApplicationSupportsIndirectInputEvents = YES;
				INFOPLIST_KEY_UILaunchStoryboardName = LaunchScreen;
				INFOPLIST_KEY_UIMainStoryboardFile = Main;
				INFOPLIST_KEY_UISupportedInterfaceOrientations_iPad = "UIInterfaceOrientationPortrait UIInterfaceOrientationPortraitUpsideDown UIInterfaceOrientationLandscapeLeft UIInterfaceOrientationLandscapeRight";
				INFOPLIST_KEY_UISupportedInterfaceOrientations_iPhone = "UIInterfaceOrientationPortrait UIInterfaceOrientationLandscapeLeft UIInterfaceOrientationLandscapeRight";
				LD_RUNPATH_SEARCH_PATHS = (
					"$(inherited)",
					"@executable_path/Frameworks",
				);
				MARKETING_VERSION = 1.0;
				PRODUCT_BUNDLE_IDENTIFIER = Test.MinimalisticBrowser;
				PRODUCT_NAME = "$(TARGET_NAME)";
				SWIFT_EMIT_LOC_STRINGS = YES;
				SWIFT_VERSION = 5.0;
				TARGETED_DEVICE_FAMILY = "1,2";
			};
			name = Release;
		};
/* End XCBuildConfiguration section */

/* Begin XCConfigurationList section */
		600545302A9CCF2600264A9B /* Build configuration list for PBXProject "MinimalisticBrowser" */ = {
			isa = XCConfigurationList;
			buildConfigurations = (
				600545472A9CCF2800264A9B /* Debug */,
				600545482A9CCF2800264A9B /* Release */,
			);
			defaultConfigurationIsVisible = 0;
			defaultConfigurationName = Release;
		};
		600545492A9CCF2800264A9B /* Build configuration list for PBXNativeTarget "MinimalisticBrowser" */ = {
			isa = XCConfigurationList;
			buildConfigurations = (
				6005454A2A9CCF2800264A9B /* Debug */,
				6005454B2A9CCF2800264A9B /* Release */,
			);
			defaultConfigurationIsVisible = 0;
			defaultConfigurationName = Release;
		};
/* End XCConfigurationList section */

/* Begin XCRemoteSwiftPackageReference section */
		6005454D2A9CD33500264A9B /* XCRemoteSwiftPackageReference "lottie-ios" */ = {
			isa = XCRemoteSwiftPackageReference;
			repositoryURL = "https://github.com/airbnb/lottie-ios.git";
			requirement = {
				kind = upToNextMajorVersion;
				minimumVersion = 4.0.0;
			};
		};
/* End XCRemoteSwiftPackageReference section */

/* Begin XCSwiftPackageProductDependency section */
		6005454E2A9CD33500264A9B /* Lottie */ = {
			isa = XCSwiftPackageProductDependency;
			package = 6005454D2A9CD33500264A9B /* XCRemoteSwiftPackageReference "lottie-ios" */;
			productName = Lottie;
		};
/* End XCSwiftPackageProductDependency section */
	};
	rootObject = 6005452D2A9CCF2500264A9B /* Project object */;
}
